
Microsoft Visual Studio Solution File, Format Version 12.00
# Visual Studio Version 16
VisualStudioVersion = 16.0.31515.178
MinimumVisualStudioVersion = 10.0.40219.1
Project("{FAE04EC0-301F-11D3-BF4B-00C04F79EFBC}") = "DOTNETCoreCRUD", "DOTNETCoreCRUD\DOTNETCoreCRUD.csproj", "{00D4EF23-C5C7-4A75-9733-8122A6BA1265}"
EndProject
Global
	GlobalSection(SolutionConfigurationPlatforms) = preSolution
		Debug|Any CPU = Debug|Any CPU
		Release|Any CPU = Release|Any CPU
	EndGlobalSection
	GlobalSection(ProjectConfigurationPlatforms) = postSolution
		{00D4EF23-C5C7-4A75-9733-8122A6BA1265}.Debug|Any CPU.ActiveCfg = Debug|Any CPU
		{00D4EF23-C5C7-4A75-9733-8122A6BA1265}.Debug|Any CPU.Build.0 = Debug|Any CPU
		{00D4EF23-C5C7-4A75-9733-8122A6BA1265}.Release|Any CPU.ActiveCfg = Release|Any CPU
		{00D4EF23-C5C7-4A75-9733-8122A6BA1265}.Release|Any CPU.Build.0 = Release|Any CPU
	EndGlobalSection
	GlobalSection(SolutionProperties) = preSolution
		HideSolutionNode = FALSE
	EndGlobalSection
	GlobalSection(ExtensibilityGlobals) = postSolution
		SolutionGuid = {F34F5B83-C984-464D-BCC0-AC8F53DAE916}
	EndGlobalSection
EndGlobal
